
Microsoft Visual Studio Solution File, Format Version 12.00
# Visual Studio Version 17
VisualStudioVersion = 17.0.32014.148
MinimumVisualStudioVersion = 10.0.40219.1
Project("{9A19103F-16F7-4668-BE54-9A1E7A4F7556}") = "DI_Pattern_Good", "DI_Pattern_Good\DI_Pattern_Good.csproj", "{9B858291-7D2B-49FB-AA06-1F5C8137CDFE}"
EndProject
Project("{9A19103F-16F7-4668-BE54-9A1E7A4F7556}") = "DI_Pattern_Tests", "DI_Pattern_Tests\DI_Pattern_Tests.csproj", "{14F4839A-A083-4FAE-8947-06F18548A495}"
EndProject
Project("{9A19103F-16F7-4668-BE54-9A1E7A4F7556}") = "DI_Pattern_Better", "DI_Pattern_Better\DI_Pattern_Better.csproj", "{2F7DE0F9-69BA-4682-A9E2-750CF0AC2D5A}"
EndProject
Project("{9A19103F-16F7-4668-BE54-9A1E7A4F7556}") = "DI_Pattern_Best", "DI_Pattern_Best\DI_Pattern_Best.csproj", "{76CF860C-1D0C-40C8-9FE4-E965789DB108}"
EndProject
Project("{FAE04EC0-301F-11D3-BF4B-00C04F79EFBC}") = "DI_Pattern_Wrong", "DI_Pattern_Wrong\DI_Pattern_Wrong.csproj", "{4B5C5B09-9FCD-490A-BEF5-25F0EC342A3F}"
EndProject
Global
	GlobalSection(SolutionConfigurationPlatforms) = preSolution
		Debug|Any CPU = Debug|Any CPU
		Release|Any CPU = Release|Any CPU
	EndGlobalSection
	GlobalSection(ProjectConfigurationPlatforms) = postSolution
		{9B858291-7D2B-49FB-AA06-1F5C8137CDFE}.Debug|Any CPU.ActiveCfg = Debug|Any CPU
		{9B858291-7D2B-49FB-AA06-1F5C8137CDFE}.Debug|Any CPU.Build.0 = Debug|Any CPU
		{9B858291-7D2B-49FB-AA06-1F5C8137CDFE}.Release|Any CPU.ActiveCfg = Release|Any CPU
		{9B858291-7D2B-49FB-AA06-1F5C8137CDFE}.Release|Any CPU.Build.0 = Release|Any CPU
		{14F4839A-A083-4FAE-8947-06F18548A495}.Debug|Any CPU.ActiveCfg = Debug|Any CPU
		{14F4839A-A083-4FAE-8947-06F18548A495}.Debug|Any CPU.Build.0 = Debug|Any CPU
		{14F4839A-A083-4FAE-8947-06F18548A495}.Release|Any CPU.ActiveCfg = Release|Any CPU
		{14F4839A-A083-4FAE-8947-06F18548A495}.Release|Any CPU.Build.0 = Release|Any CPU
		{2F7DE0F9-69BA-4682-A9E2-750CF0AC2D5A}.Debug|Any CPU.ActiveCfg = Debug|Any CPU
		{2F7DE0F9-69BA-4682-A9E2-750CF0AC2D5A}.Debug|Any CPU.Build.0 = Debug|Any CPU
		{2F7DE0F9-69BA-4682-A9E2-750CF0AC2D5A}.Release|Any CPU.ActiveCfg = Release|Any CPU
		{2F7DE0F9-69BA-4682-A9E2-750CF0AC2D5A}.Release|Any CPU.Build.0 = Release|Any CPU
		{76CF860C-1D0C-40C8-9FE4-E965789DB108}.Debug|Any CPU.ActiveCfg = Debug|Any CPU
		{76CF860C-1D0C-40C8-9FE4-E965789DB108}.Debug|Any CPU.Build.0 = Debug|Any CPU
		{76CF860C-1D0C-40C8-9FE4-E965789DB108}.Release|Any CPU.ActiveCfg = Release|Any CPU
		{76CF860C-1D0C-40C8-9FE4-E965789DB108}.Release|Any CPU.Build.0 = Release|Any CPU
		{4B5C5B09-9FCD-490A-BEF5-25F0EC342A3F}.Debug|Any CPU.ActiveCfg = Debug|Any CPU
		{4B5C5B09-9FCD-490A-BEF5-25F0EC342A3F}.Debug|Any CPU.Build.0 = Debug|Any CPU
		{4B5C5B09-9FCD-490A-BEF5-25F0EC342A3F}.Release|Any CPU.ActiveCfg = Release|Any CPU
		{4B5C5B09-9FCD-490A-BEF5-25F0EC342A3F}.Release|Any CPU.Build.0 = Release|Any CPU
	EndGlobalSection
	GlobalSection(SolutionProperties) = preSolution
		HideSolutionNode = FALSE
	EndGlobalSection
	GlobalSection(ExtensibilityGlobals) = postSolution
		SolutionGuid = {F2BD0FF2-5BF8-482D-8115-0BD4FAE920E7}
	EndGlobalSection
EndGlobal
